
Microsoft Visual Studio Solution File, Format Version 12.00
# Visual Studio 15
VisualStudioVersion = 15.0.28307.489
MinimumVisualStudioVersion = 10.0.40219.1
Project("{FAE04EC0-301F-11D3-BF4B-00C04F79EFBC}") = "appGrupal", "appGrupal\appGrupal.csproj", "{E17BF9AD-67B8-43C3-B9C4-CD4F45D2DC09}"
EndProject
Project("{2150E333-8FDC-42A3-9474-1A3956D46DE8}") = "Solution Items", "Solution Items", "{277162A2-AB7B-482A-BF24-3315F2AB51C3}"
	ProjectSection(SolutionItems) = preProject
		Acceso_Datos.cs = Acceso_Datos.cs
		BuscaVoucher.cs = BuscaVoucher.cs
	EndProjectSection
EndProject
Global
	GlobalSection(SolutionConfigurationPlatforms) = preSolution
		Debug|Any CPU = Debug|Any CPU
		Release|Any CPU = Release|Any CPU
	EndGlobalSection
	GlobalSection(ProjectConfigurationPlatforms) = postSolution
		{E17BF9AD-67B8-43C3-B9C4-CD4F45D2DC09}.Debug|Any CPU.ActiveCfg = Debug|Any CPU
		{E17BF9AD-67B8-43C3-B9C4-CD4F45D2DC09}.Debug|Any CPU.Build.0 = Debug|Any CPU
		{E17BF9AD-67B8-43C3-B9C4-CD4F45D2DC09}.Release|Any CPU.ActiveCfg = Release|Any CPU
		{E17BF9AD-67B8-43C3-B9C4-CD4F45D2DC09}.Release|Any CPU.Build.0 = Release|Any CPU
	EndGlobalSection
	GlobalSection(SolutionProperties) = preSolution
		HideSolutionNode = FALSE
	EndGlobalSection
	GlobalSection(ExtensibilityGlobals) = postSolution
		SolutionGuid = {B5B6B97C-3026-4523-A0E9-7C9E61C54612}
	EndGlobalSection
EndGlobal
